
Microsoft Visual Studio Solution File, Format Version 12.00
# Visual Studio Version 17
VisualStudioVersion = 17.3.32819.101
MinimumVisualStudioVersion = 10.0.40219.1
Project("{9A19103F-16F7-4668-BE54-9A1E7A4F7556}") = "TestGeneratorLib", "TestGeneratorLib\TestGeneratorLib.csproj", "{F874DBC5-4820-4419-9EBD-ABADEBC9FDB2}"
EndProject
Project("{FAE04EC0-301F-11D3-BF4B-00C04F79EFBC}") = "TestGenerator.Tests", "TestGenerator.Tests\TestGenerator.Tests.csproj", "{65028403-9AB4-473F-AB70-62D64E20E5F1}"
EndProject
Global
	GlobalSection(SolutionConfigurationPlatforms) = preSolution
		Debug|Any CPU = Debug|Any CPU
		Release|Any CPU = Release|Any CPU
	EndGlobalSection
	GlobalSection(ProjectConfigurationPlatforms) = postSolution
		{F874DBC5-4820-4419-9EBD-ABADEBC9FDB2}.Debug|Any CPU.ActiveCfg = Debug|Any CPU
		{F874DBC5-4820-4419-9EBD-ABADEBC9FDB2}.Debug|Any CPU.Build.0 = Debug|Any CPU
		{F874DBC5-4820-4419-9EBD-ABADEBC9FDB2}.Release|Any CPU.ActiveCfg = Release|Any CPU
		{F874DBC5-4820-4419-9EBD-ABADEBC9FDB2}.Release|Any CPU.Build.0 = Release|Any CPU
		{65028403-9AB4-473F-AB70-62D64E20E5F1}.Debug|Any CPU.ActiveCfg = Debug|Any CPU
		{65028403-9AB4-473F-AB70-62D64E20E5F1}.Debug|Any CPU.Build.0 = Debug|Any CPU
		{65028403-9AB4-473F-AB70-62D64E20E5F1}.Release|Any CPU.ActiveCfg = Release|Any CPU
		{65028403-9AB4-473F-AB70-62D64E20E5F1}.Release|Any CPU.Build.0 = Release|Any CPU
	EndGlobalSection
	GlobalSection(SolutionProperties) = preSolution
		HideSolutionNode = FALSE
	EndGlobalSection
	GlobalSection(ExtensibilityGlobals) = postSolution
		SolutionGuid = {5B2180C9-5CF3-4957-8244-B8AA863CE18B}
	EndGlobalSection
EndGlobal
